// !$*UTF8*$!
{
	archiveVersion = 1;
	classes = {
	};
	objectVersion = 46;
	objects = {

/* Begin PBXBuildFile section */
		9925F5BF1A26CE35007B7794 /* Task.m in Sources */ = {isa = PBXBuildFile; fileRef = 9925F5BE1A26CE35007B7794 /* Task.m */; };
		99B3A5501A16FED300DDD104 /* main.m in Sources */ = {isa = PBXBuildFile; fileRef = 99B3A54F1A16FED300DDD104 /* main.m */; };
		99B3A5531A16FED300DDD104 /* AppDelegate.m in Sources */ = {isa = PBXBuildFile; fileRef = 99B3A5521A16FED300DDD104 /* AppDelegate.m */; };
		99B3A5561A16FED300DDD104 /* ViewController.m in Sources */ = {isa = PBXBuildFile; fileRef = 99B3A5551A16FED300DDD104 /* ViewController.m */; };
		99B3A5591A16FED300DDD104 /* Main.storyboard in Resources */ = {isa = PBXBuildFile; fileRef = 99B3A5571A16FED300DDD104 /* Main.storyboard */; };
		99B3A55B1A16FED300DDD104 /* Images.xcassets in Resources */ = {isa = PBXBuildFile; fileRef = 99B3A55A1A16FED300DDD104 /* Images.xcassets */; };
		99B3A55E1A16FED300DDD104 /* LaunchScreen.xib in Resources */ = {isa = PBXBuildFile; fileRef = 99B3A55C1A16FED300DDD104 /* LaunchScreen.xib */; };
		99B3A56A1A16FED300DDD104 /* Overdue_Task_ListTests.m in Sources */ = {isa = PBXBuildFile; fileRef = 99B3A5691A16FED300DDD104 /* Overdue_Task_ListTests.m */; };
		99B3A5751A16FF8D00DDD104 /* AddTaskViewController.m in Sources */ = {isa = PBXBuildFile; fileRef = 99B3A5741A16FF8D00DDD104 /* AddTaskViewController.m */; };
		99B3A5781A16FFB500DDD104 /* DetailTaskViewController.m in Sources */ = {isa = PBXBuildFile; fileRef = 99B3A5771A16FFB500DDD104 /* DetailTaskViewController.m */; };
		99B3A57B1A16FFF500DDD104 /* EditTaskViewController.m in Sources */ = {isa = PBXBuildFile; fileRef = 99B3A57A1A16FFF500DDD104 /* EditTaskViewController.m */; };
/* End PBXBuildFile section */

/* Begin PBXContainerItemProxy section */
		99B3A5641A16FED300DDD104 /* PBXContainerItemProxy */ = {
			isa = PBXContainerItemProxy;
			containerPortal = 99B3A5421A16FED300DDD104 /* Project object */;
			proxyType = 1;
			remoteGlobalIDString = 99B3A5491A16FED300DDD104;
			remoteInfo = "Overdue Task List";
		};
/* End PBXContainerItemProxy section */

/* Begin PBXFileReference section */
		9925F5BC1A26CC33007B7794 /* PrefixHeader.pch */ = {isa = PBXFileReference; lastKnownFileType = sourcecode.c.h; path = PrefixHeader.pch; sourceTree = "<group>"; };
		9925F5BD1A26CE35007B7794 /* Task.h */ = {isa = PBXFileReference; fileEncoding = 4; lastKnownFileType = sourcecode.c.h; path = Task.h; sourceTree = "<group>"; };
		9925F5BE1A26CE35007B7794 /* Task.m */ = {isa = PBXFileReference; fileEncoding = 4; lastKnownFileType = sourcecode.c.objc; path = Task.m; sourceTree = "<group>"; };
		99B3A54A1A16FED300DDD104 /* Overdue Task List.app */ = {isa = PBXFileReference; explicitFileType = wrapper.application; includeInIndex = 0; path = "Overdue Task List.app"; sourceTree = BUILT_PRODUCTS_DIR; };
		99B3A54E1A16FED300DDD104 /* Info.plist */ = {isa = PBXFileReference; lastKnownFileType = text.plist.xml; path = Info.plist; sourceTree = "<group>"; };
		99B3A54F1A16FED300DDD104 /* main.m */ = {isa = PBXFileReference; lastKnownFileType = sourcecode.c.objc; path = main.m; sourceTree = "<group>"; };
		99B3A5511A16FED300DDD104 /* AppDelegate.h */ = {isa = PBXFileReference; lastKnownFileType = sourcecode.c.h; path = AppDelegate.h; sourceTree = "<group>"; };
		99B3A5521A16FED300DDD104 /* AppDelegate.m */ = {isa = PBXFileReference; lastKnownFileType = sourcecode.c.objc; path = AppDelegate.m; sourceTree = "<group>"; };
		99B3A5541A16FED300DDD104 /* ViewController.h */ = {isa = PBXFileReference; lastKnownFileType = sourcecode.c.h; path = ViewController.h; sourceTree = "<group>"; };
		99B3A5551A16FED300DDD104 /* ViewController.m */ = {isa = PBXFileReference; lastKnownFileType = sourcecode.c.objc; path = ViewController.m; sourceTree = "<group>"; };
		99B3A5581A16FED300DDD104 /* Base */ = {isa = PBXFileReference; lastKnownFileType = file.storyboard; name = Base; path = Base.lproj/Main.storyboard; sourceTree = "<group>"; };
		99B3A55A1A16FED300DDD104 /* Images.xcassets */ = {isa = PBXFileReference; lastKnownFileType = folder.assetcatalog; path = Images.xcassets; sourceTree = "<group>"; };
		99B3A55D1A16FED300DDD104 /* Base */ = {isa = PBXFileReference; lastKnownFileType = file.xib; name = Base; path = Base.lproj/LaunchScreen.xib; sourceTree = "<group>"; };
		99B3A5631A16FED300DDD104 /* Overdue Task ListTests.xctest */ = {isa = PBXFileReference; explicitFileType = wrapper.cfbundle; includeInIndex = 0; path = "Overdue Task ListTests.xctest"; sourceTree = BUILT_PRODUCTS_DIR; };
		99B3A5681A16FED300DDD104 /* Info.plist */ = {isa = PBXFileReference; lastKnownFileType = text.plist.xml; path = Info.plist; sourceTree = "<group>"; };
		99B3A5691A16FED300DDD104 /* Overdue_Task_ListTests.m */ = {isa = PBXFileReference; lastKnownFileType = sourcecode.c.objc; path = Overdue_Task_ListTests.m; sourceTree = "<group>"; };
		99B3A5731A16FF8D00DDD104 /* AddTaskViewController.h */ = {isa = PBXFileReference; fileEncoding = 4; lastKnownFileType = sourcecode.c.h; path = AddTaskViewController.h; sourceTree = "<group>"; };
		99B3A5741A16FF8D00DDD104 /* AddTaskViewController.m */ = {isa = PBXFileReference; fileEncoding = 4; lastKnownFileType = sourcecode.c.objc; path = AddTaskViewController.m; sourceTree = "<group>"; };
		99B3A5761A16FFB500DDD104 /* DetailTaskViewController.h */ = {isa = PBXFileReference; fileEncoding = 4; lastKnownFileType = sourcecode.c.h; path = DetailTaskViewController.h; sourceTree = "<group>"; };
		99B3A5771A16FFB500DDD104 /* DetailTaskViewController.m */ = {isa = PBXFileReference; fileEncoding = 4; lastKnownFileType = sourcecode.c.objc; path = DetailTaskViewController.m; sourceTree = "<group>"; };
		99B3A5791A16FFF500DDD104 /* EditTaskViewController.h */ = {isa = PBXFileReference; fileEncoding = 4; lastKnownFileType = sourcecode.c.h; path = EditTaskViewController.h; sourceTree = "<group>"; };
		99B3A57A1A16FFF500DDD104 /* EditTaskViewController.m */ = {isa = PBXFileReference; fileEncoding = 4; lastKnownFileType = sourcecode.c.objc; path = EditTaskViewController.m; sourceTree = "<group>"; };
/* End PBXFileReference section */

/* Begin PBXFrameworksBuildPhase section */
		99B3A5471A16FED300DDD104 /* Frameworks */ = {
			isa = PBXFrameworksBuildPhase;
			buildActionMask = 2147483647;
			files = (
			);
			runOnlyForDeploymentPostprocessing = 0;
		};
		99B3A5601A16FED300DDD104 /* Frameworks */ = {
			isa = PBXFrameworksBuildPhase;
			buildActionMask = 2147483647;
			files = (
			);
			runOnlyForDeploymentPostprocessing = 0;
		};
/* End PBXFrameworksBuildPhase section */

/* Begin PBXGroup section */
		99B3A5411A16FED300DDD104 = {
			isa = PBXGroup;
			children = (
				9925F5BC1A26CC33007B7794 /* PrefixHeader.pch */,
				99B3A54C1A16FED300DDD104 /* Overdue Task List */,
				99B3A5661A16FED300DDD104 /* Overdue Task ListTests */,
				99B3A54B1A16FED300DDD104 /* Products */,
			);
			sourceTree = "<group>";
		};
		99B3A54B1A16FED300DDD104 /* Products */ = {
			isa = PBXGroup;
			children = (
				99B3A54A1A16FED300DDD104 /* Overdue Task List.app */,
				99B3A5631A16FED300DDD104 /* Overdue Task ListTests.xctest */,
			);
			name = Products;
			sourceTree = "<group>";
		};
		99B3A54C1A16FED300DDD104 /* Overdue Task List */ = {
			isa = PBXGroup;
			children = (
				99B3A5511A16FED300DDD104 /* AppDelegate.h */,
				99B3A5521A16FED300DDD104 /* AppDelegate.m */,
				99B3A5541A16FED300DDD104 /* ViewController.h */,
				99B3A5551A16FED300DDD104 /* ViewController.m */,
				99B3A5571A16FED300DDD104 /* Main.storyboard */,
				99B3A55A1A16FED300DDD104 /* Images.xcassets */,
				99B3A55C1A16FED300DDD104 /* LaunchScreen.xib */,
				99B3A54D1A16FED300DDD104 /* Supporting Files */,
				99B3A5731A16FF8D00DDD104 /* AddTaskViewController.h */,
				99B3A5741A16FF8D00DDD104 /* AddTaskViewController.m */,
				99B3A5761A16FFB500DDD104 /* DetailTaskViewController.h */,
				99B3A5771A16FFB500DDD104 /* DetailTaskViewController.m */,
				99B3A5791A16FFF500DDD104 /* EditTaskViewController.h */,
				99B3A57A1A16FFF500DDD104 /* EditTaskViewController.m */,
				9925F5BD1A26CE35007B7794 /* Task.h */,
				9925F5BE1A26CE35007B7794 /* Task.m */,
			);
			path = "Overdue Task List";
			sourceTree = "<group>";
		};
		99B3A54D1A16FED300DDD104 /* Supporting Files */ = {
			isa = PBXGroup;
			children = (
				99B3A54E1A16FED300DDD104 /* Info.plist */,
				99B3A54F1A16FED300DDD104 /* main.m */,
			);
			name = "Supporting Files";
			sourceTree = "<group>";
		};
		99B3A5661A16FED300DDD104 /* Overdue Task ListTests */ = {
			isa = PBXGroup;
			children = (
				99B3A5691A16FED300DDD104 /* Overdue_Task_ListTests.m */,
				99B3A5671A16FED300DDD104 /* Supporting Files */,
			);
			path = "Overdue Task ListTests";
			sourceTree = "<group>";
		};
		99B3A5671A16FED300DDD104 /* Supporting Files */ = {
			isa = PBXGroup;
			children = (
				99B3A5681A16FED300DDD104 /* Info.plist */,
			);
			name = "Supporting Files";
			sourceTree = "<group>";
		};
/* End PBXGroup section */

/* Begin PBXNativeTarget section */
		99B3A5491A16FED300DDD104 /* Overdue Task List */ = {
			isa = PBXNativeTarget;
			buildConfigurationList = 99B3A56D1A16FED300DDD104 /* Build configuration list for PBXNativeTarget "Overdue Task List" */;
			buildPhases = (
				99B3A5461A16FED300DDD104 /* Sources */,
				99B3A5471A16FED300DDD104 /* Frameworks */,
				99B3A5481A16FED300DDD104 /* Resources */,
			);
			buildRules = (
			);
			dependencies = (
			);
			name = "Overdue Task List";
			productName = "Overdue Task List";
			productReference = 99B3A54A1A16FED300DDD104 /* Overdue Task List.app */;
			productType = "com.apple.product-type.application";
		};
		99B3A5621A16FED300DDD104 /* Overdue Task ListTests */ = {
			isa = PBXNativeTarget;
			buildConfigurationList = 99B3A5701A16FED300DDD104 /* Build configuration list for PBXNativeTarget "Overdue Task ListTests" */;
			buildPhases = (
				99B3A55F1A16FED300DDD104 /* Sources */,
				99B3A5601A16FED300DDD104 /* Frameworks */,
				99B3A5611A16FED300DDD104 /* Resources */,
			);
			buildRules = (
			);
			dependencies = (
				99B3A5651A16FED300DDD104 /* PBXTargetDependency */,
			);
			name = "Overdue Task ListTests";
			productName = "Overdue Task ListTests";
			productReference = 99B3A5631A16FED300DDD104 /* Overdue Task ListTests.xctest */;
			productType = "com.apple.product-type.bundle.unit-test";
		};
/* End PBXNativeTarget section */

/* Begin PBXProject section */
		99B3A5421A16FED300DDD104 /* Project object */ = {
			isa = PBXProject;
			attributes = {
				LastUpgradeCheck = 0610;
				ORGANIZATIONNAME = "Matthew Linaberry";
				TargetAttributes = {
					99B3A5491A16FED300DDD104 = {
						CreatedOnToolsVersion = 6.1;
					};
					99B3A5621A16FED300DDD104 = {
						CreatedOnToolsVersion = 6.1;
						TestTargetID = 99B3A5491A16FED300DDD104;
					};
				};
			};
			buildConfigurationList = 99B3A5451A16FED300DDD104 /* Build configuration list for PBXProject "Overdue Task List" */;
			compatibilityVersion = "Xcode 3.2";
			developmentRegion = English;
			hasScannedForEncodings = 0;
			knownRegions = (
				en,
				Base,
			);
			mainGroup = 99B3A5411A16FED300DDD104;
			productRefGroup = 99B3A54B1A16FED300DDD104 /* Products */;
			projectDirPath = "";
			projectRoot = "";
			targets = (
				99B3A5491A16FED300DDD104 /* Overdue Task List */,
				99B3A5621A16FED300DDD104 /* Overdue Task ListTests */,
			);
		};
/* End PBXProject section */

/* Begin PBXResourcesBuildPhase section */
		99B3A5481A16FED300DDD104 /* Resources */ = {
			isa = PBXResourcesBuildPhase;
			buildActionMask = 2147483647;
			files = (
				99B3A5591A16FED300DDD104 /* Main.storyboard in Resources */,
				99B3A55E1A16FED300DDD104 /* LaunchScreen.xib in Resources */,
				99B3A55B1A16FED300DDD104 /* Images.xcassets in Resources */,
			);
			runOnlyForDeploymentPostprocessing = 0;
		};
		99B3A5611A16FED300DDD104 /* Resources */ = {
			isa = PBXResourcesBuildPhase;
			buildActionMask = 2147483647;
			files = (
			);
			runOnlyForDeploymentPostprocessing = 0;
		};
/* End PBXResourcesBuildPhase section */

/* Begin PBXSourcesBuildPhase section */
		99B3A5461A16FED300DDD104 /* Sources */ = {
			isa = PBXSourcesBuildPhase;
			buildActionMask = 2147483647;
			files = (
				9925F5BF1A26CE35007B7794 /* Task.m in Sources */,
				99B3A5561A16FED300DDD104 /* ViewController.m in Sources */,
				99B3A5751A16FF8D00DDD104 /* AddTaskViewController.m in Sources */,
				99B3A5531A16FED300DDD104 /* AppDelegate.m in Sources */,
				99B3A57B1A16FFF500DDD104 /* EditTaskViewController.m in Sources */,
				99B3A5501A16FED300DDD104 /* main.m in Sources */,
				99B3A5781A16FFB500DDD104 /* DetailTaskViewController.m in Sources */,
			);
			runOnlyForDeploymentPostprocessing = 0;
		};
		99B3A55F1A16FED300DDD104 /* Sources */ = {
			isa = PBXSourcesBuildPhase;
			buildActionMask = 2147483647;
			files = (
				99B3A56A1A16FED300DDD104 /* Overdue_Task_ListTests.m in Sources */,
			);
			runOnlyForDeploymentPostprocessing = 0;
		};
/* End PBXSourcesBuildPhase section */

/* Begin PBXTargetDependency section */
		99B3A5651A16FED300DDD104 /* PBXTargetDependency */ = {
			isa = PBXTargetDependency;
			target = 99B3A5491A16FED300DDD104 /* Overdue Task List */;
			targetProxy = 99B3A5641A16FED300DDD104 /* PBXContainerItemProxy */;
		};
/* End PBXTargetDependency section */

/* Begin PBXVariantGroup section */
		99B3A5571A16FED300DDD104 /* Main.storyboard */ = {
			isa = PBXVariantGroup;
			children = (
				99B3A5581A16FED300DDD104 /* Base */,
			);
			name = Main.storyboard;
			sourceTree = "<group>";
		};
		99B3A55C1A16FED300DDD104 /* LaunchScreen.xib */ = {
			isa = PBXVariantGroup;
			children = (
				99B3A55D1A16FED300DDD104 /* Base */,
			);
			name = LaunchScreen.xib;
			sourceTree = "<group>";
		};
/* End PBXVariantGroup section */

/* Begin XCBuildConfiguration section */
		99B3A56B1A16FED300DDD104 /* Debug */ = {
			isa = XCBuildConfiguration;
			buildSettings = {
				ALWAYS_SEARCH_USER_PATHS = NO;
				CLANG_CXX_LANGUAGE_STANDARD = "gnu++0x";
				CLANG_CXX_LIBRARY = "libc++";
				CLANG_ENABLE_MODULES = YES;
				CLANG_ENABLE_OBJC_ARC = YES;
				CLANG_WARN_BOOL_CONVERSION = YES;
				CLANG_WARN_CONSTANT_CONVERSION = YES;
				CLANG_WARN_DIRECT_OBJC_ISA_USAGE = YES_ERROR;
				CLANG_WARN_EMPTY_BODY = YES;
				CLANG_WARN_ENUM_CONVERSION = YES;
				CLANG_WARN_INT_CONVERSION = YES;
				CLANG_WARN_OBJC_ROOT_CLASS = YES_ERROR;
				CLANG_WARN_UNREACHABLE_CODE = YES;
				CLANG_WARN__DUPLICATE_METHOD_MATCH = YES;
				"CODE_SIGN_IDENTITY[sdk=iphoneos*]" = "iPhone Developer";
				COPY_PHASE_STRIP = NO;
				ENABLE_STRICT_OBJC_MSGSEND = YES;
				GCC_C_LANGUAGE_STANDARD = gnu99;
				GCC_DYNAMIC_NO_PIC = NO;
				GCC_OPTIMIZATION_LEVEL = 0;
				GCC_PREPROCESSOR_DEFINITIONS = (
					"DEBUG=1",
					"$(inherited)",
				);
				GCC_SYMBOLS_PRIVATE_EXTERN = NO;
				GCC_WARN_64_TO_32_BIT_CONVERSION = YES;
				GCC_WARN_ABOUT_RETURN_TYPE = YES_ERROR;
				GCC_WARN_UNDECLARED_SELECTOR = YES;
				GCC_WARN_UNINITIALIZED_AUTOS = YES_AGGRESSIVE;
				GCC_WARN_UNUSED_FUNCTION = YES;
				GCC_WARN_UNUSED_VARIABLE = YES;
				IPHONEOS_DEPLOYMENT_TARGET = 8.1;
				MTL_ENABLE_DEBUG_INFO = YES;
				ONLY_ACTIVE_ARCH = YES;
				SDKROOT = iphoneos;
			};
			name = Debug;
		};
		99B3A56C1A16FED300DDD104 /* Release */ = {
			isa = XCBuildConfiguration;
			buildSettings = {
				ALWAYS_SEARCH_USER_PATHS = NO;
				CLANG_CXX_LANGUAGE_STANDARD = "gnu++0x";
				CLANG_CXX_LIBRARY = "libc++";
				CLANG_ENABLE_MODULES = YES;
				CLANG_ENABLE_OBJC_ARC = YES;
				CLANG_WARN_BOOL_CONVERSION = YES;
				CLANG_WARN_CONSTANT_CONVERSION = YES;
				CLANG_WARN_DIRECT_OBJC_ISA_USAGE = YES_ERROR;
				CLANG_WARN_EMPTY_BODY = YES;
				CLANG_WARN_ENUM_CONVERSION = YES;
				CLANG_WARN_INT_CONVERSION = YES;
				CLANG_WARN_OBJC_ROOT_CLASS = YES_ERROR;
				CLANG_WARN_UNREACHABLE_CODE = YES;
				CLANG_WARN__DUPLICATE_METHOD_MATCH = YES;
				"CODE_SIGN_IDENTITY[sdk=iphoneos*]" = "iPhone Developer";
				COPY_PHASE_STRIP = YES;
				ENABLE_NS_ASSERTIONS = NO;
				ENABLE_STRICT_OBJC_MSGSEND = YES;
				GCC_C_LANGUAGE_STANDARD = gnu99;
				GCC_WARN_64_TO_32_BIT_CONVERSION = YES;
				GCC_WARN_ABOUT_RETURN_TYPE = YES_ERROR;
				GCC_WARN_UNDECLARED_SELECTOR = YES;
				GCC_WARN_UNINITIALIZED_AUTOS = YES_AGGRESSIVE;
				GCC_WARN_UNUSED_FUNCTION = YES;
				GCC_WARN_UNUSED_VARIABLE = YES;
				IPHONEOS_DEPLOYMENT_TARGET = 8.1;
				MTL_ENABLE_DEBUG_INFO = NO;
				SDKROOT = iphoneos;
				VALIDATE_PRODUCT = YES;
			};
			name = Release;
		};
		99B3A56E1A16FED300DDD104 /* Debug */ = {
			isa = XCBuildConfiguration;
			buildSettings = {
				ASSETCATALOG_COMPILER_APPICON_NAME = AppIcon;
				GCC_PRECOMPILE_PREFIX_HEADER = YES;
				GCC_PREFIX_HEADER = PrefixHeader.pch;
				INFOPLIST_FILE = "Overdue Task List/Info.plist";
				LD_RUNPATH_SEARCH_PATHS = "$(inherited) @executable_path/Frameworks";
				PRODUCT_NAME = "$(TARGET_NAME)";
			};
			name = Debug;
		};
		99B3A56F1A16FED300DDD104 /* Release */ = {
			isa = XCBuildConfiguration;
			buildSettings = {
				ASSETCATALOG_COMPILER_APPICON_NAME = AppIcon;
				GCC_PRECOMPILE_PREFIX_HEADER = YES;
				GCC_PREFIX_HEADER = PrefixHeader.pch;
				INFOPLIST_FILE = "Overdue Task List/Info.plist";
				LD_RUNPATH_SEARCH_PATHS = "$(inherited) @executable_path/Frameworks";
				PRODUCT_NAME = "$(TARGET_NAME)";
			};
			name = Release;
		};
		99B3A5711A16FED300DDD104 /* Debug */ = {
			isa = XCBuildConfiguration;
			buildSettings = {
				BUNDLE_LOADER = "$(TEST_HOST)";
				FRAMEWORK_SEARCH_PATHS = (
					"$(SDKROOT)/Developer/Library/Frameworks",
					"$(inherited)",
				);
				GCC_PREPROCESSOR_DEFINITIONS = (
					"DEBUG=1",
					"$(inherited)",
				);
				INFOPLIST_FILE = "Overdue Task ListTests/Info.plist";
				LD_RUNPATH_SEARCH_PATHS = "$(inherited) @executable_path/Frameworks @loader_path/Frameworks";
				PRODUCT_NAME = "$(TARGET_NAME)";
				TEST_HOST = "$(BUILT_PRODUCTS_DIR)/Overdue Task List.app/Overdue Task List";
			};
			name = Debug;
		};
		99B3A5721A16FED300DDD104 /* Release */ = {
			isa = XCBuildConfiguration;
			buildSettings = {
				BUNDLE_LOADER = "$(TEST_HOST)";
				FRAMEWORK_SEARCH_PATHS = (
					"$(SDKROOT)/Developer/Library/Frameworks",
					"$(inherited)",
				);
				INFOPLIST_FILE = "Overdue Task ListTests/Info.plist";
				LD_RUNPATH_SEARCH_PATHS = "$(inherited) @executable_path/Frameworks @loader_path/Frameworks";
				PRODUCT_NAME = "$(TARGET_NAME)";
				TEST_HOST = "$(BUILT_PRODUCTS_DIR)/Overdue Task List.app/Overdue Task List";
			};
			name = Release;
		};
/* End XCBuildConfiguration section */

/* Begin XCConfigurationList section */
		99B3A5451A16FED300DDD104 /* Build configuration list for PBXProject "Overdue Task List" */ = {
			isa = XCConfigurationList;
			buildConfigurations = (
				99B3A56B1A16FED300DDD104 /* Debug */,
				99B3A56C1A16FED300DDD104 /* Release */,
			);
			defaultConfigurationIsVisible = 0;
			defaultConfigurationName = Release;
		};
		99B3A56D1A16FED300DDD104 /* Build configuration list for PBXNativeTarget "Overdue Task List" */ = {
			isa = XCConfigurationList;
			buildConfigurations = (
				99B3A56E1A16FED300DDD104 /* Debug */,
				99B3A56F1A16FED300DDD104 /* Release */,
			);
			defaultConfigurationIsVisible = 0;
			defaultConfigurationName = Release;
		};
		99B3A5701A16FED300DDD104 /* Build configuration list for PBXNativeTarget "Overdue Task ListTests" */ = {
			isa = XCConfigurationList;
			buildConfigurations = (
				99B3A5711A16FED300DDD104 /* Debug */,
				99B3A5721A16FED300DDD104 /* Release */,
			);
			defaultConfigurationIsVisible = 0;
			defaultConfigurationName = Release;
		};
/* End XCConfigurationList section */
	};
	rootObject = 99B3A5421A16FED300DDD104 /* Project object */;
}
